
Microsoft Visual Studio Solution File, Format Version 12.00
# Visual Studio Version 17
VisualStudioVersion = 17.3.32901.215
MinimumVisualStudioVersion = 10.0.40219.1
Project("{FAE04EC0-301F-11D3-BF4B-00C04F79EFBC}") = "20230105", "20230105\20230105.csproj", "{C95B4DB6-B79B-498B-A769-F316ABE02088}"
EndProject
Global
	GlobalSection(SolutionConfigurationPlatforms) = preSolution
		Debug|Any CPU = Debug|Any CPU
		Release|Any CPU = Release|Any CPU
	EndGlobalSection
	GlobalSection(ProjectConfigurationPlatforms) = postSolution
		{C95B4DB6-B79B-498B-A769-F316ABE02088}.Debug|Any CPU.ActiveCfg = Debug|Any CPU
		{C95B4DB6-B79B-498B-A769-F316ABE02088}.Debug|Any CPU.Build.0 = Debug|Any CPU
		{C95B4DB6-B79B-498B-A769-F316ABE02088}.Release|Any CPU.ActiveCfg = Release|Any CPU
		{C95B4DB6-B79B-498B-A769-F316ABE02088}.Release|Any CPU.Build.0 = Release|Any CPU
	EndGlobalSection
	GlobalSection(SolutionProperties) = preSolution
		HideSolutionNode = FALSE
	EndGlobalSection
	GlobalSection(ExtensibilityGlobals) = postSolution
		SolutionGuid = {0BDD74D6-3AEA-4FF8-85AF-383FEA5828F5}
	EndGlobalSection
EndGlobal
